
Microsoft Visual Studio Solution File, Format Version 12.00
# Visual Studio Version 17
VisualStudioVersion = 17.11.35327.3
MinimumVisualStudioVersion = 10.0.40219.1
Project("{FAE04EC0-301F-11D3-BF4B-00C04F79EFBC}") = "calculator-volume-area", "calculator-volume-area.csproj", "{B7F8626D-D9BF-4AB3-82D1-C00FF880C54A}"
EndProject
Global
	GlobalSection(SolutionConfigurationPlatforms) = preSolution
		Debug|Any CPU = Debug|Any CPU
		Release|Any CPU = Release|Any CPU
	EndGlobalSection
	GlobalSection(ProjectConfigurationPlatforms) = postSolution
		{B7F8626D-D9BF-4AB3-82D1-C00FF880C54A}.Debug|Any CPU.ActiveCfg = Debug|Any CPU
		{B7F8626D-D9BF-4AB3-82D1-C00FF880C54A}.Debug|Any CPU.Build.0 = Debug|Any CPU
		{B7F8626D-D9BF-4AB3-82D1-C00FF880C54A}.Release|Any CPU.ActiveCfg = Release|Any CPU
		{B7F8626D-D9BF-4AB3-82D1-C00FF880C54A}.Release|Any CPU.Build.0 = Release|Any CPU
	EndGlobalSection
	GlobalSection(SolutionProperties) = preSolution
		HideSolutionNode = FALSE
	EndGlobalSection
	GlobalSection(ExtensibilityGlobals) = postSolution
		SolutionGuid = {4C7D1610-637C-4084-8F4C-2E8E80F7B28A}
	EndGlobalSection
EndGlobal
